
Microsoft Visual Studio Solution File, Format Version 12.00
# Visual Studio 15
Project("{FAE04EC0-301F-11D3-BF4B-00C04F79EFBC}") = "Assembly-CSharp", "Assembly-CSharp.csproj", "{391D1C62-474B-33BF-CD4F-D03BEEFEBBC6}"
EndProject
Project("{FAE04EC0-301F-11D3-BF4B-00C04F79EFBC}") = "Assembly-CSharp-Editor", "Assembly-CSharp-Editor.csproj", "{FA86E9F8-9A3B-14FF-A2DC-25003C24376C}"
EndProject
Global
	GlobalSection(SolutionConfigurationPlatforms) = preSolution
		Debug|Any CPU = Debug|Any CPU
		Release|Any CPU = Release|Any CPU
	EndGlobalSection
	GlobalSection(ProjectConfigurationPlatforms) = postSolution
		{391D1C62-474B-33BF-CD4F-D03BEEFEBBC6}.Debug|Any CPU.ActiveCfg = Debug|Any CPU
		{391D1C62-474B-33BF-CD4F-D03BEEFEBBC6}.Debug|Any CPU.Build.0 = Debug|Any CPU
		{391D1C62-474B-33BF-CD4F-D03BEEFEBBC6}.Release|Any CPU.ActiveCfg = Release|Any CPU
		{391D1C62-474B-33BF-CD4F-D03BEEFEBBC6}.Release|Any CPU.Build.0 = Release|Any CPU
		{FA86E9F8-9A3B-14FF-A2DC-25003C24376C}.Debug|Any CPU.ActiveCfg = Debug|Any CPU
		{FA86E9F8-9A3B-14FF-A2DC-25003C24376C}.Debug|Any CPU.Build.0 = Debug|Any CPU
		{FA86E9F8-9A3B-14FF-A2DC-25003C24376C}.Release|Any CPU.ActiveCfg = Release|Any CPU
		{FA86E9F8-9A3B-14FF-A2DC-25003C24376C}.Release|Any CPU.Build.0 = Release|Any CPU
	EndGlobalSection
	GlobalSection(SolutionProperties) = preSolution
		HideSolutionNode = FALSE
	EndGlobalSection
EndGlobal
